
Microsoft Visual Studio Solution File, Format Version 12.00
# Visual Studio Version 16
VisualStudioVersion = 16.0.30114.105
MinimumVisualStudioVersion = 10.0.40219.1
Project("{FAE04EC0-301F-11D3-BF4B-00C04F79EFBC}") = "API", "API\API.csproj", "{7B87CB7C-B23C-4BA0-8E4E-C24F60876B4D}"
EndProject
Project("{FAE04EC0-301F-11D3-BF4B-00C04F79EFBC}") = "Core", "Core\Core.csproj", "{B5832B62-15D4-4EF0-B301-2B968AA1EB61}"
EndProject
Project("{FAE04EC0-301F-11D3-BF4B-00C04F79EFBC}") = "Infrastructure", "Infrastructure\Infrastructure.csproj", "{4C65514A-0D2E-4AFB-87DE-B0E2102679A6}"
EndProject
Global
	GlobalSection(SolutionConfigurationPlatforms) = preSolution
		Debug|Any CPU = Debug|Any CPU
		Release|Any CPU = Release|Any CPU
	EndGlobalSection
	GlobalSection(SolutionProperties) = preSolution
		HideSolutionNode = FALSE
	EndGlobalSection
	GlobalSection(ProjectConfigurationPlatforms) = postSolution
		{7B87CB7C-B23C-4BA0-8E4E-C24F60876B4D}.Debug|Any CPU.ActiveCfg = Debug|Any CPU
		{7B87CB7C-B23C-4BA0-8E4E-C24F60876B4D}.Debug|Any CPU.Build.0 = Debug|Any CPU
		{7B87CB7C-B23C-4BA0-8E4E-C24F60876B4D}.Release|Any CPU.ActiveCfg = Release|Any CPU
		{7B87CB7C-B23C-4BA0-8E4E-C24F60876B4D}.Release|Any CPU.Build.0 = Release|Any CPU
		{B5832B62-15D4-4EF0-B301-2B968AA1EB61}.Debug|Any CPU.ActiveCfg = Debug|Any CPU
		{B5832B62-15D4-4EF0-B301-2B968AA1EB61}.Debug|Any CPU.Build.0 = Debug|Any CPU
		{B5832B62-15D4-4EF0-B301-2B968AA1EB61}.Release|Any CPU.ActiveCfg = Release|Any CPU
		{B5832B62-15D4-4EF0-B301-2B968AA1EB61}.Release|Any CPU.Build.0 = Release|Any CPU
		{4C65514A-0D2E-4AFB-87DE-B0E2102679A6}.Debug|Any CPU.ActiveCfg = Debug|Any CPU
		{4C65514A-0D2E-4AFB-87DE-B0E2102679A6}.Debug|Any CPU.Build.0 = Debug|Any CPU
		{4C65514A-0D2E-4AFB-87DE-B0E2102679A6}.Release|Any CPU.ActiveCfg = Release|Any CPU
		{4C65514A-0D2E-4AFB-87DE-B0E2102679A6}.Release|Any CPU.Build.0 = Release|Any CPU
	EndGlobalSection
EndGlobal
